<?xml version="1.0" encoding="utf-8"?>
<Project ToolsVersion="4.0" xmlns="http://schemas.microsoft.com/developer/msbuild/2003">
  <ItemGroup>
    <Filter Include="Source Files">
      <UniqueIdentifier>{484da690-658d-4f80-b043-7149ff137f76}</UniqueIdentifier>
      <Extensions>cpp;c;cxx;rc;def;r;odl;idl;hpj;bat</Extensions>
    </Filter>
    <Filter Include="Header Files">
      <UniqueIdentifier>{fdca649c-4d0f-42da-a5da-e4fa8ced5196}</UniqueIdentifier>
      <Extensions>h;hpp;hxx;hm;inl</Extensions>
    </Filter>
    <Filter Include="Resource Files">
      <UniqueIdentifier>{d8e6c128-fe81-45f4-bac1-127e02dbf346}</UniqueIdentifier>
      <Extensions>ico;cur;bmp;dlg;rc2;rct;bin;rgs;gif;jpg;jpeg;jpe</Extensions>
    </Filter>
    <Filter Include="graph related files">
      <UniqueIdentifier>{56c4dab8-c185-42b2-acca-f339c7b4f9de}</UniqueIdentifier>
    </Filter>
    <Filter Include="common">
      <UniqueIdentifier>{f7960b55-b469-48b0-91cf-f235d26225e2}</UniqueIdentifier>
    </Filter>
  </ItemGroup>
  <ItemGroup>
    <ClCompile Include="main.cpp">
      <Filter>Source Files</Filter>
    </ClCompile>
    <ClCompile Include="Pathfinder.cpp">
      <Filter>Source Files</Filter>
    </ClCompile>
    <ClCompile Include="..\Common\misc\Cgdi.cpp">
      <Filter>common</Filter>
    </ClCompile>
    <ClCompile Include="..\Common\Time\PrecisionTimer.cpp">
      <Filter>common</Filter>
    </ClCompile>
    <ClCompile Include="..\Common\misc\WindowUtils.cpp">
      <Filter>common</Filter>
    </ClCompile>
  </ItemGroup>
  <ItemGroup>
    <ClInclude Include="constants.h">
      <Filter>Header Files</Filter>
    </ClInclude>
    <ClInclude Include="Pathfinder.h">
      <Filter>Header Files</Filter>
    </ClInclude>
    <ClInclude Include="resource.h">
      <Filter>Resource Files</Filter>
    </ClInclude>
    <ClInclude Include="..\Common\Graph\AStarHeuristicPolicies.h">
      <Filter>graph related files</Filter>
    </ClInclude>
    <ClInclude Include="..\Common\Graph\GraphAlgorithms.h">
      <Filter>graph related files</Filter>
    </ClInclude>
    <ClInclude Include="..\Common\Graph\GraphEdgeTypes.h">
      <Filter>graph related files</Filter>
    </ClInclude>
    <ClInclude Include="..\Common\Graph\GraphNodeTypes.h">
      <Filter>graph related files</Filter>
    </ClInclude>
    <ClInclude Include="..\Common\Graph\HandyGraphFunctions.h">
      <Filter>graph related files</Filter>
    </ClInclude>
    <ClInclude Include="..\Common\Graph\NodeTypeEnumerations.h">
      <Filter>graph related files</Filter>
    </ClInclude>
    <ClInclude Include="..\Common\Graph\SparseGraph.h">
      <Filter>graph related files</Filter>
    </ClInclude>
    <ClInclude Include="..\Common\misc\Cgdi.h">
      <Filter>common</Filter>
    </ClInclude>
    <ClInclude Include="..\Common\Cgdi.h">
      <Filter>common</Filter>
    </ClInclude>
    <ClInclude Include="..\Common\Time\PrecisionTimer.h">
      <Filter>common</Filter>
    </ClInclude>
    <ClInclude Include="..\Common\PriorityQueue.h">
      <Filter>common</Filter>
    </ClInclude>
    <ClInclude Include="..\Common\misc\PriorityQueue.h">
      <Filter>common</Filter>
    </ClInclude>
    <ClInclude Include="..\Common\Patterns\Singleton.h">
      <Filter>common</Filter>
    </ClInclude>
    <ClInclude Include="..\Common\misc\Stream_Utility_Functions.h">
      <Filter>common</Filter>
    </ClInclude>
    <ClInclude Include="..\Common\utils.h">
      <Filter>common</Filter>
    </ClInclude>
    <ClInclude Include="..\Common\misc\utils.h">
      <Filter>common</Filter>
    </ClInclude>
    <ClInclude Include="..\Common\2D\Vector2D.h">
      <Filter>common</Filter>
    </ClInclude>
    <ClInclude Include="..\Common\misc\WindowUtils.h">
      <Filter>common</Filter>
    </ClInclude>
  </ItemGroup>
  <ItemGroup>
    <Image Include="icon1.ico">
      <Filter>Resource Files</Filter>
    </Image>
    <Image Include="toolbar1.bmp">
      <Filter>Resource Files</Filter>
    </Image>
  </ItemGroup>
  <ItemGroup>
    <ResourceCompile Include="toolbar.rc">
      <Filter>Resource Files</Filter>
    </ResourceCompile>
  </ItemGroup>
</Project>